
Microsoft Visual Studio Solution File, Format Version 11.00
# Visual Studio 2010
Project("{FAE04EC0-301F-11D3-BF4B-00C04F79EFBC}") = "BinaryStudio.ClientManager.DomainModel", "BinaryStudio.ClientManager.DomainModel\BinaryStudio.ClientManager.DomainModel.csproj", "{7AB0BEB9-0C1C-4768-97A6-72BB61BBDD47}"
EndProject
Project("{FAE04EC0-301F-11D3-BF4B-00C04F79EFBC}") = "BinaryStudio.ClientManager.DomainModel.Tests", "BinaryStudio.ClientManager.DomainModel.Tests\BinaryStudio.ClientManager.DomainModel.Tests.csproj", "{B7987FBB-413D-4C30-8C13-CC3F324379F6}"
EndProject
Project("{2150E333-8FDC-42A3-9474-1A3956D46DE8}") = ".nuget", ".nuget", "{5F5CBCC0-560E-4467-B4A1-ABCE9881DBFD}"
	ProjectSection(SolutionItems) = preProject
		.nuget\NuGet.exe = .nuget\NuGet.exe
		.nuget\NuGet.targets = .nuget\NuGet.targets
	EndProjectSection
EndProject
Project("{2150E333-8FDC-42A3-9474-1A3956D46DE8}") = "Solution Items", "Solution Items", "{EC9207B7-98B9-4298-97A6-D8A789ACAE55}"
	ProjectSection(SolutionItems) = preProject
		README = README
	EndProjectSection
EndProject
Project("{FAE04EC0-301F-11D3-BF4B-00C04F79EFBC}") = "BinaryStudio.ClientManager.WebUi", "BinaryStudio.ClientManager.WebUi\BinaryStudio.ClientManager.WebUi.csproj", "{004DEF19-487F-4ABF-AB76-F35840B000F4}"
EndProject
Project("{FAE04EC0-301F-11D3-BF4B-00C04F79EFBC}") = "BinaryStudio.ClientManager.WebUi.Tests", "BinaryStudio.ClientManager.WebUi.Tests\BinaryStudio.ClientManager.WebUi.Tests.csproj", "{5DD5DD10-BAE9-44CD-9284-B6DB59BDABCB}"
EndProject
Global
	GlobalSection(SolutionConfigurationPlatforms) = preSolution
		Debug|Any CPU = Debug|Any CPU
		Release|Any CPU = Release|Any CPU
	EndGlobalSection
	GlobalSection(ProjectConfigurationPlatforms) = postSolution
		{7AB0BEB9-0C1C-4768-97A6-72BB61BBDD47}.Debug|Any CPU.ActiveCfg = Debug|Any CPU
		{7AB0BEB9-0C1C-4768-97A6-72BB61BBDD47}.Debug|Any CPU.Build.0 = Debug|Any CPU
		{7AB0BEB9-0C1C-4768-97A6-72BB61BBDD47}.Release|Any CPU.ActiveCfg = Release|Any CPU
		{7AB0BEB9-0C1C-4768-97A6-72BB61BBDD47}.Release|Any CPU.Build.0 = Release|Any CPU
		{B7987FBB-413D-4C30-8C13-CC3F324379F6}.Debug|Any CPU.ActiveCfg = Debug|Any CPU
		{B7987FBB-413D-4C30-8C13-CC3F324379F6}.Debug|Any CPU.Build.0 = Debug|Any CPU
		{B7987FBB-413D-4C30-8C13-CC3F324379F6}.Release|Any CPU.ActiveCfg = Release|Any CPU
		{B7987FBB-413D-4C30-8C13-CC3F324379F6}.Release|Any CPU.Build.0 = Release|Any CPU
		{004DEF19-487F-4ABF-AB76-F35840B000F4}.Debug|Any CPU.ActiveCfg = Debug|Any CPU
		{004DEF19-487F-4ABF-AB76-F35840B000F4}.Debug|Any CPU.Build.0 = Debug|Any CPU
		{004DEF19-487F-4ABF-AB76-F35840B000F4}.Release|Any CPU.ActiveCfg = Release|Any CPU
		{004DEF19-487F-4ABF-AB76-F35840B000F4}.Release|Any CPU.Build.0 = Release|Any CPU
		{5DD5DD10-BAE9-44CD-9284-B6DB59BDABCB}.Debug|Any CPU.ActiveCfg = Debug|Any CPU
		{5DD5DD10-BAE9-44CD-9284-B6DB59BDABCB}.Debug|Any CPU.Build.0 = Debug|Any CPU
		{5DD5DD10-BAE9-44CD-9284-B6DB59BDABCB}.Release|Any CPU.ActiveCfg = Release|Any CPU
		{5DD5DD10-BAE9-44CD-9284-B6DB59BDABCB}.Release|Any CPU.Build.0 = Release|Any CPU
	EndGlobalSection
	GlobalSection(SolutionProperties) = preSolution
		HideSolutionNode = FALSE
	EndGlobalSection
EndGlobal
